
Microsoft Visual Studio Solution File, Format Version 12.00
# Visual Studio 15
VisualStudioVersion = 15.0.28307.779
MinimumVisualStudioVersion = 10.0.40219.1
Project("{FAE04EC0-301F-11D3-BF4B-00C04F79EFBC}") = "CiboApi17", "CiboApi17\CiboApi17.csproj", "{3C5B53C6-60A8-4BD9-BE55-444A6312D897}"
EndProject
Project("{FAE04EC0-301F-11D3-BF4B-00C04F79EFBC}") = "SomeeApi", "SomeeApi\SomeeApi.csproj", "{8D2EFA2A-9CA3-4CC5-8FBB-95366EBB019A}"
EndProject
Project("{FAE04EC0-301F-11D3-BF4B-00C04F79EFBC}") = "DLL", "..\CiboMarket\DLL\DLL.csproj", "{4D964AEE-58DC-43A5-A6BC-74A555024C85}"
EndProject
Global
	GlobalSection(SolutionConfigurationPlatforms) = preSolution
		Debug|Any CPU = Debug|Any CPU
		Release|Any CPU = Release|Any CPU
	EndGlobalSection
	GlobalSection(ProjectConfigurationPlatforms) = postSolution
		{3C5B53C6-60A8-4BD9-BE55-444A6312D897}.Debug|Any CPU.ActiveCfg = Debug|Any CPU
		{3C5B53C6-60A8-4BD9-BE55-444A6312D897}.Debug|Any CPU.Build.0 = Debug|Any CPU
		{3C5B53C6-60A8-4BD9-BE55-444A6312D897}.Release|Any CPU.ActiveCfg = Release|Any CPU
		{3C5B53C6-60A8-4BD9-BE55-444A6312D897}.Release|Any CPU.Build.0 = Release|Any CPU
		{8D2EFA2A-9CA3-4CC5-8FBB-95366EBB019A}.Debug|Any CPU.ActiveCfg = Debug|Any CPU
		{8D2EFA2A-9CA3-4CC5-8FBB-95366EBB019A}.Debug|Any CPU.Build.0 = Debug|Any CPU
		{8D2EFA2A-9CA3-4CC5-8FBB-95366EBB019A}.Release|Any CPU.ActiveCfg = Release|Any CPU
		{8D2EFA2A-9CA3-4CC5-8FBB-95366EBB019A}.Release|Any CPU.Build.0 = Release|Any CPU
		{4D964AEE-58DC-43A5-A6BC-74A555024C85}.Debug|Any CPU.ActiveCfg = Debug|Any CPU
		{4D964AEE-58DC-43A5-A6BC-74A555024C85}.Debug|Any CPU.Build.0 = Debug|Any CPU
		{4D964AEE-58DC-43A5-A6BC-74A555024C85}.Release|Any CPU.ActiveCfg = Release|Any CPU
		{4D964AEE-58DC-43A5-A6BC-74A555024C85}.Release|Any CPU.Build.0 = Release|Any CPU
	EndGlobalSection
	GlobalSection(SolutionProperties) = preSolution
		HideSolutionNode = FALSE
	EndGlobalSection
	GlobalSection(ExtensibilityGlobals) = postSolution
		SolutionGuid = {297306A5-6ECB-41A6-8687-CE48077A9680}
	EndGlobalSection
EndGlobal
